
Microsoft Visual Studio Solution File, Format Version 12.00
# Visual Studio Version 17
VisualStudioVersion = 17.9.34728.123
MinimumVisualStudioVersion = 10.0.40219.1
Project("{9A19103F-16F7-4668-BE54-9A1E7A4F7556}") = "API", "API\API.csproj", "{20677DF8-7667-4A92-AAA0-1316EE1B77F9}"
EndProject
Global
	GlobalSection(SolutionConfigurationPlatforms) = preSolution
		Debug|Any CPU = Debug|Any CPU
		Release|Any CPU = Release|Any CPU
	EndGlobalSection
	GlobalSection(ProjectConfigurationPlatforms) = postSolution
		{20677DF8-7667-4A92-AAA0-1316EE1B77F9}.Debug|Any CPU.ActiveCfg = Debug|Any CPU
		{20677DF8-7667-4A92-AAA0-1316EE1B77F9}.Debug|Any CPU.Build.0 = Debug|Any CPU
		{20677DF8-7667-4A92-AAA0-1316EE1B77F9}.Release|Any CPU.ActiveCfg = Release|Any CPU
		{20677DF8-7667-4A92-AAA0-1316EE1B77F9}.Release|Any CPU.Build.0 = Release|Any CPU
	EndGlobalSection
	GlobalSection(SolutionProperties) = preSolution
		HideSolutionNode = FALSE
	EndGlobalSection
	GlobalSection(ExtensibilityGlobals) = postSolution
		SolutionGuid = {DAF23497-499F-4B25-B4B7-B09F665D40FE}
	EndGlobalSection
EndGlobal
